
Microsoft Visual Studio Solution File, Format Version 11.00
# Visual Studio 2010
Project("{FAE04EC0-301F-11D3-BF4B-00C04F79EFBC}") = "Assembly-CSharp", "Assembly-CSharp.csproj", "{6FC453B5-6125-FBB5-06DC-460D83908689}"
EndProject
Project("{FAE04EC0-301F-11D3-BF4B-00C04F79EFBC}") = "Assembly-CSharp-firstpass", "Assembly-CSharp-firstpass.csproj", "{DEAD219B-BB2A-42E8-9F40-996761F1FBA3}"
EndProject
Project("{FAE04EC0-301F-11D3-BF4B-00C04F79EFBC}") = "Assembly-CSharp-Editor", "Assembly-CSharp-Editor.csproj", "{29C4829F-24C4-4945-752E-E0D5C2CA4C74}"
EndProject
Global
	GlobalSection(SolutionConfigurationPlatforms) = preSolution
		Debug|Any CPU = Debug|Any CPU
		Release|Any CPU = Release|Any CPU
	EndGlobalSection
	GlobalSection(ProjectConfigurationPlatforms) = postSolution
		{6FC453B5-6125-FBB5-06DC-460D83908689}.Debug|Any CPU.ActiveCfg = Debug|Any CPU
		{6FC453B5-6125-FBB5-06DC-460D83908689}.Debug|Any CPU.Build.0 = Debug|Any CPU
		{6FC453B5-6125-FBB5-06DC-460D83908689}.Release|Any CPU.ActiveCfg = Release|Any CPU
		{6FC453B5-6125-FBB5-06DC-460D83908689}.Release|Any CPU.Build.0 = Release|Any CPU
		{DEAD219B-BB2A-42E8-9F40-996761F1FBA3}.Debug|Any CPU.ActiveCfg = Debug|Any CPU
		{DEAD219B-BB2A-42E8-9F40-996761F1FBA3}.Debug|Any CPU.Build.0 = Debug|Any CPU
		{DEAD219B-BB2A-42E8-9F40-996761F1FBA3}.Release|Any CPU.ActiveCfg = Release|Any CPU
		{DEAD219B-BB2A-42E8-9F40-996761F1FBA3}.Release|Any CPU.Build.0 = Release|Any CPU
		{29C4829F-24C4-4945-752E-E0D5C2CA4C74}.Debug|Any CPU.ActiveCfg = Debug|Any CPU
		{29C4829F-24C4-4945-752E-E0D5C2CA4C74}.Debug|Any CPU.Build.0 = Debug|Any CPU
		{29C4829F-24C4-4945-752E-E0D5C2CA4C74}.Release|Any CPU.ActiveCfg = Release|Any CPU
		{29C4829F-24C4-4945-752E-E0D5C2CA4C74}.Release|Any CPU.Build.0 = Release|Any CPU
	EndGlobalSection
	GlobalSection(SolutionProperties) = preSolution
		HideSolutionNode = FALSE
	EndGlobalSection
	GlobalSection(MonoDevelopProperties) = preSolution
		StartupItem = Assembly-CSharp.csproj
	EndGlobalSection
EndGlobal
